
Microsoft Visual Studio Solution File, Format Version 12.00
# Visual Studio 2012
Project("{FAE04EC0-301F-11D3-BF4B-00C04F79EFBC}") = "Ejercicio3", "Ejercicio3\Ejercicio3.csproj", "{53C503D3-D6E0-450E-B218-785CBA8572E6}"
EndProject
Global
	GlobalSection(SolutionConfigurationPlatforms) = preSolution
		Debug|Any CPU = Debug|Any CPU
		Release|Any CPU = Release|Any CPU
	EndGlobalSection
	GlobalSection(ProjectConfigurationPlatforms) = postSolution
		{53C503D3-D6E0-450E-B218-785CBA8572E6}.Debug|Any CPU.ActiveCfg = Debug|Any CPU
		{53C503D3-D6E0-450E-B218-785CBA8572E6}.Debug|Any CPU.Build.0 = Debug|Any CPU
		{53C503D3-D6E0-450E-B218-785CBA8572E6}.Release|Any CPU.ActiveCfg = Release|Any CPU
		{53C503D3-D6E0-450E-B218-785CBA8572E6}.Release|Any CPU.Build.0 = Release|Any CPU
	EndGlobalSection
	GlobalSection(SolutionProperties) = preSolution
		HideSolutionNode = FALSE
	EndGlobalSection
EndGlobal
