
Microsoft Visual Studio Solution File, Format Version 12.00
# Visual Studio 2012
Project("{FAE04EC0-301F-11D3-BF4B-00C04F79EFBC}") = "Ejercicio4", "Ejercicio4\Ejercicio4.csproj", "{6CDD3EF0-13DA-4057-8DB2-BE917BA5B46D}"
EndProject
Global
	GlobalSection(SolutionConfigurationPlatforms) = preSolution
		Debug|Any CPU = Debug|Any CPU
		Release|Any CPU = Release|Any CPU
	EndGlobalSection
	GlobalSection(ProjectConfigurationPlatforms) = postSolution
		{6CDD3EF0-13DA-4057-8DB2-BE917BA5B46D}.Debug|Any CPU.ActiveCfg = Debug|Any CPU
		{6CDD3EF0-13DA-4057-8DB2-BE917BA5B46D}.Debug|Any CPU.Build.0 = Debug|Any CPU
		{6CDD3EF0-13DA-4057-8DB2-BE917BA5B46D}.Release|Any CPU.ActiveCfg = Release|Any CPU
		{6CDD3EF0-13DA-4057-8DB2-BE917BA5B46D}.Release|Any CPU.Build.0 = Release|Any CPU
	EndGlobalSection
	GlobalSection(SolutionProperties) = preSolution
		HideSolutionNode = FALSE
	EndGlobalSection
EndGlobal
